// !$*UTF8*$!
{
	archiveVersion = 1;
	classes = {
	};
	objectVersion = 50;
	objects = {

/* Begin PBXBuildFile section */
		81670F9A23C8564D001155F7 /* AppDelegate.swift in Sources */ = {isa = PBXBuildFile; fileRef = 81670F9923C8564D001155F7 /* AppDelegate.swift */; };
		81670F9C23C8564D001155F7 /* SceneDelegate.swift in Sources */ = {isa = PBXBuildFile; fileRef = 81670F9B23C8564D001155F7 /* SceneDelegate.swift */; };
		81670FA123C8564D001155F7 /* Main.storyboard in Resources */ = {isa = PBXBuildFile; fileRef = 81670F9F23C8564D001155F7 /* Main.storyboard */; };
		81670FA323C8564E001155F7 /* Assets.xcassets in Resources */ = {isa = PBXBuildFile; fileRef = 81670FA223C8564E001155F7 /* Assets.xcassets */; };
		81670FA623C8564E001155F7 /* LaunchScreen.storyboard in Resources */ = {isa = PBXBuildFile; fileRef = 81670FA423C8564E001155F7 /* LaunchScreen.storyboard */; };
		81670FAF23C856B4001155F7 /* ColorViewCell.swift in Sources */ = {isa = PBXBuildFile; fileRef = 81670FAD23C856B4001155F7 /* ColorViewCell.swift */; };
		81670FB023C856B4001155F7 /* ExampleViewController.swift in Sources */ = {isa = PBXBuildFile; fileRef = 81670FAE23C856B4001155F7 /* ExampleViewController.swift */; };
		81761FA823CD7B19006C1E0D /* ColorPicker.framework in Frameworks */ = {isa = PBXBuildFile; fileRef = 819A5DE723C88244009FBF3D /* ColorPicker.framework */; };
		81761FA923CD7B19006C1E0D /* ColorPicker.framework in Embed Frameworks */ = {isa = PBXBuildFile; fileRef = 819A5DE723C88244009FBF3D /* ColorPicker.framework */; settings = {ATTRIBUTES = (RemoveHeadersOnCopy, ); }; };
/* End PBXBuildFile section */

/* Begin PBXCopyFilesBuildPhase section */
		81761FAA23CD7B19006C1E0D /* Embed Frameworks */ = {
			isa = PBXCopyFilesBuildPhase;
			buildActionMask = 2147483647;
			dstPath = "";
			dstSubfolderSpec = 10;
			files = (
				81761FA923CD7B19006C1E0D /* ColorPicker.framework in Embed Frameworks */,
			);
			name = "Embed Frameworks";
			runOnlyForDeploymentPostprocessing = 0;
		};
/* End PBXCopyFilesBuildPhase section */

/* Begin PBXFileReference section */
		81670F9623C8564D001155F7 /* ColorPickerExample.app */ = {isa = PBXFileReference; explicitFileType = wrapper.application; includeInIndex = 0; path = ColorPickerExample.app; sourceTree = BUILT_PRODUCTS_DIR; };
		81670F9923C8564D001155F7 /* AppDelegate.swift */ = {isa = PBXFileReference; lastKnownFileType = sourcecode.swift; path = AppDelegate.swift; sourceTree = "<group>"; };
		81670F9B23C8564D001155F7 /* SceneDelegate.swift */ = {isa = PBXFileReference; lastKnownFileType = sourcecode.swift; path = SceneDelegate.swift; sourceTree = "<group>"; };
		81670FA023C8564D001155F7 /* Base */ = {isa = PBXFileReference; lastKnownFileType = file.storyboard; name = Base; path = Base.lproj/Main.storyboard; sourceTree = "<group>"; };
		81670FA223C8564E001155F7 /* Assets.xcassets */ = {isa = PBXFileReference; lastKnownFileType = folder.assetcatalog; path = Assets.xcassets; sourceTree = "<group>"; };
		81670FA523C8564E001155F7 /* Base */ = {isa = PBXFileReference; lastKnownFileType = file.storyboard; name = Base; path = Base.lproj/LaunchScreen.storyboard; sourceTree = "<group>"; };
		81670FA723C8564E001155F7 /* Info.plist */ = {isa = PBXFileReference; lastKnownFileType = text.plist.xml; path = Info.plist; sourceTree = "<group>"; };
		81670FAD23C856B4001155F7 /* ColorViewCell.swift */ = {isa = PBXFileReference; fileEncoding = 4; lastKnownFileType = sourcecode.swift; path = ColorViewCell.swift; sourceTree = "<group>"; };
		81670FAE23C856B4001155F7 /* ExampleViewController.swift */ = {isa = PBXFileReference; fileEncoding = 4; lastKnownFileType = sourcecode.swift; path = ExampleViewController.swift; sourceTree = "<group>"; };
		819A5DE723C88244009FBF3D /* ColorPicker.framework */ = {isa = PBXFileReference; explicitFileType = wrapper.framework; path = ColorPicker.framework; sourceTree = BUILT_PRODUCTS_DIR; };
/* End PBXFileReference section */

/* Begin PBXFrameworksBuildPhase section */
		81670F9323C8564D001155F7 /* Frameworks */ = {
			isa = PBXFrameworksBuildPhase;
			buildActionMask = 2147483647;
			files = (
				81761FA823CD7B19006C1E0D /* ColorPicker.framework in Frameworks */,
			);
			runOnlyForDeploymentPostprocessing = 0;
		};
/* End PBXFrameworksBuildPhase section */

/* Begin PBXGroup section */
		81670F8D23C8564D001155F7 = {
			isa = PBXGroup;
			children = (
				81670F9823C8564D001155F7 /* ColorPickerExample */,
				81670F9723C8564D001155F7 /* Products */,
				81670FDF23C8583C001155F7 /* Frameworks */,
			);
			sourceTree = "<group>";
		};
		81670F9723C8564D001155F7 /* Products */ = {
			isa = PBXGroup;
			children = (
				81670F9623C8564D001155F7 /* ColorPickerExample.app */,
			);
			name = Products;
			sourceTree = "<group>";
		};
		81670F9823C8564D001155F7 /* ColorPickerExample */ = {
			isa = PBXGroup;
			children = (
				81670FAD23C856B4001155F7 /* ColorViewCell.swift */,
				81670FAE23C856B4001155F7 /* ExampleViewController.swift */,
				81670F9923C8564D001155F7 /* AppDelegate.swift */,
				81670F9B23C8564D001155F7 /* SceneDelegate.swift */,
				81670F9F23C8564D001155F7 /* Main.storyboard */,
				81670FA223C8564E001155F7 /* Assets.xcassets */,
				81670FA423C8564E001155F7 /* LaunchScreen.storyboard */,
				81670FA723C8564E001155F7 /* Info.plist */,
			);
			path = ColorPickerExample;
			sourceTree = "<group>";
		};
		81670FDF23C8583C001155F7 /* Frameworks */ = {
			isa = PBXGroup;
			children = (
				819A5DE723C88244009FBF3D /* ColorPicker.framework */,
			);
			name = Frameworks;
			sourceTree = "<group>";
		};
/* End PBXGroup section */

/* Begin PBXNativeTarget section */
		81670F9523C8564D001155F7 /* ColorPickerExample */ = {
			isa = PBXNativeTarget;
			buildConfigurationList = 81670FAA23C8564E001155F7 /* Build configuration list for PBXNativeTarget "ColorPickerExample" */;
			buildPhases = (
				81670F9223C8564D001155F7 /* Sources */,
				81670F9323C8564D001155F7 /* Frameworks */,
				81670F9423C8564D001155F7 /* Resources */,
				81761FAA23CD7B19006C1E0D /* Embed Frameworks */,
			);
			buildRules = (
			);
			dependencies = (
			);
			name = ColorPickerExample;
			packageProductDependencies = (
			);
			productName = ColorPickerExample;
			productReference = 81670F9623C8564D001155F7 /* ColorPickerExample.app */;
			productType = "com.apple.product-type.application";
		};
/* End PBXNativeTarget section */

/* Begin PBXProject section */
		81670F8E23C8564D001155F7 /* Project object */ = {
			isa = PBXProject;
			attributes = {
				LastSwiftUpdateCheck = 1130;
				LastUpgradeCheck = 1130;
				ORGANIZATIONNAME = rutinfc;
				TargetAttributes = {
					81670F9523C8564D001155F7 = {
						CreatedOnToolsVersion = 11.3;
					};
				};
			};
			buildConfigurationList = 81670F9123C8564D001155F7 /* Build configuration list for PBXProject "ColorPickerExample" */;
			compatibilityVersion = "Xcode 9.3";
			developmentRegion = en;
			hasScannedForEncodings = 0;
			knownRegions = (
				en,
				Base,
			);
			mainGroup = 81670F8D23C8564D001155F7;
			packageReferences = (
			);
			productRefGroup = 81670F9723C8564D001155F7 /* Products */;
			projectDirPath = "";
			projectRoot = "";
			targets = (
				81670F9523C8564D001155F7 /* ColorPickerExample */,
			);
		};
/* End PBXProject section */

/* Begin PBXResourcesBuildPhase section */
		81670F9423C8564D001155F7 /* Resources */ = {
			isa = PBXResourcesBuildPhase;
			buildActionMask = 2147483647;
			files = (
				81670FA623C8564E001155F7 /* LaunchScreen.storyboard in Resources */,
				81670FA323C8564E001155F7 /* Assets.xcassets in Resources */,
				81670FA123C8564D001155F7 /* Main.storyboard in Resources */,
			);
			runOnlyForDeploymentPostprocessing = 0;
		};
/* End PBXResourcesBuildPhase section */

/* Begin PBXSourcesBuildPhase section */
		81670F9223C8564D001155F7 /* Sources */ = {
			isa = PBXSourcesBuildPhase;
			buildActionMask = 2147483647;
			files = (
				81670F9A23C8564D001155F7 /* AppDelegate.swift in Sources */,
				81670FB023C856B4001155F7 /* ExampleViewController.swift in Sources */,
				81670F9C23C8564D001155F7 /* SceneDelegate.swift in Sources */,
				81670FAF23C856B4001155F7 /* ColorViewCell.swift in Sources */,
			);
			runOnlyForDeploymentPostprocessing = 0;
		};
/* End PBXSourcesBuildPhase section */

/* Begin PBXVariantGroup section */
		81670F9F23C8564D001155F7 /* Main.storyboard */ = {
			isa = PBXVariantGroup;
			children = (
				81670FA023C8564D001155F7 /* Base */,
			);
			name = Main.storyboard;
			sourceTree = "<group>";
		};
		81670FA423C8564E001155F7 /* LaunchScreen.storyboard */ = {
			isa = PBXVariantGroup;
			children = (
				81670FA523C8564E001155F7 /* Base */,
			);
			name = LaunchScreen.storyboard;
			sourceTree = "<group>";
		};
/* End PBXVariantGroup section */

/* Begin XCBuildConfiguration section */
		81670FA823C8564E001155F7 /* Debug */ = {
			isa = XCBuildConfiguration;
			buildSettings = {
				ALWAYS_SEARCH_USER_PATHS = NO;
				CLANG_ANALYZER_NONNULL = YES;
				CLANG_ANALYZER_NUMBER_OBJECT_CONVERSION = YES_AGGRESSIVE;
				CLANG_CXX_LANGUAGE_STANDARD = "gnu++14";
				CLANG_CXX_LIBRARY = "libc++";
				CLANG_ENABLE_MODULES = YES;
				CLANG_ENABLE_OBJC_ARC = YES;
				CLANG_ENABLE_OBJC_WEAK = YES;
				CLANG_WARN_BLOCK_CAPTURE_AUTORELEASING = YES;
				CLANG_WARN_BOOL_CONVERSION = YES;
				CLANG_WARN_COMMA = YES;
				CLANG_WARN_CONSTANT_CONVERSION = YES;
				CLANG_WARN_DEPRECATED_OBJC_IMPLEMENTATIONS = YES;
				CLANG_WARN_DIRECT_OBJC_ISA_USAGE = YES_ERROR;
				CLANG_WARN_DOCUMENTATION_COMMENTS = YES;
				CLANG_WARN_EMPTY_BODY = YES;
				CLANG_WARN_ENUM_CONVERSION = YES;
				CLANG_WARN_INFINITE_RECURSION = YES;
				CLANG_WARN_INT_CONVERSION = YES;
				CLANG_WARN_NON_LITERAL_NULL_CONVERSION = YES;
				CLANG_WARN_OBJC_IMPLICIT_RETAIN_SELF = YES;
				CLANG_WARN_OBJC_LITERAL_CONVERSION = YES;
				CLANG_WARN_OBJC_ROOT_CLASS = YES_ERROR;
				CLANG_WARN_RANGE_LOOP_ANALYSIS = YES;
				CLANG_WARN_STRICT_PROTOTYPES = YES;
				CLANG_WARN_SUSPICIOUS_MOVE = YES;
				CLANG_WARN_UNGUARDED_AVAILABILITY = YES_AGGRESSIVE;
				CLANG_WARN_UNREACHABLE_CODE = YES;
				CLANG_WARN__DUPLICATE_METHOD_MATCH = YES;
				COPY_PHASE_STRIP = NO;
				DEBUG_INFORMATION_FORMAT = dwarf;
				ENABLE_STRICT_OBJC_MSGSEND = YES;
				ENABLE_TESTABILITY = YES;
				GCC_C_LANGUAGE_STANDARD = gnu11;
				GCC_DYNAMIC_NO_PIC = NO;
				GCC_NO_COMMON_BLOCKS = YES;
				GCC_OPTIMIZATION_LEVEL = 0;
				GCC_PREPROCESSOR_DEFINITIONS = (
					"DEBUG=1",
					"$(inherited)",
				);
				GCC_WARN_64_TO_32_BIT_CONVERSION = YES;
				GCC_WARN_ABOUT_RETURN_TYPE = YES_ERROR;
				GCC_WARN_UNDECLARED_SELECTOR = YES;
				GCC_WARN_UNINITIALIZED_AUTOS = YES_AGGRESSIVE;
				GCC_WARN_UNUSED_FUNCTION = YES;
				GCC_WARN_UNUSED_VARIABLE = YES;
				IPHONEOS_DEPLOYMENT_TARGET = 13.2;
				MTL_ENABLE_DEBUG_INFO = INCLUDE_SOURCE;
				MTL_FAST_MATH = YES;
				ONLY_ACTIVE_ARCH = YES;
				SDKROOT = iphoneos;
				SWIFT_ACTIVE_COMPILATION_CONDITIONS = DEBUG;
				SWIFT_OPTIMIZATION_LEVEL = "-Onone";
			};
			name = Debug;
		};
		81670FA923C8564E001155F7 /* Release */ = {
			isa = XCBuildConfiguration;
			buildSettings = {
				ALWAYS_SEARCH_USER_PATHS = NO;
				CLANG_ANALYZER_NONNULL = YES;
				CLANG_ANALYZER_NUMBER_OBJECT_CONVERSION = YES_AGGRESSIVE;
				CLANG_CXX_LANGUAGE_STANDARD = "gnu++14";
				CLANG_CXX_LIBRARY = "libc++";
				CLANG_ENABLE_MODULES = YES;
				CLANG_ENABLE_OBJC_ARC = YES;
				CLANG_ENABLE_OBJC_WEAK = YES;
				CLANG_WARN_BLOCK_CAPTURE_AUTORELEASING = YES;
				CLANG_WARN_BOOL_CONVERSION = YES;
				CLANG_WARN_COMMA = YES;
				CLANG_WARN_CONSTANT_CONVERSION = YES;
				CLANG_WARN_DEPRECATED_OBJC_IMPLEMENTATIONS = YES;
				CLANG_WARN_DIRECT_OBJC_ISA_USAGE = YES_ERROR;
				CLANG_WARN_DOCUMENTATION_COMMENTS = YES;
				CLANG_WARN_EMPTY_BODY = YES;
				CLANG_WARN_ENUM_CONVERSION = YES;
				CLANG_WARN_INFINITE_RECURSION = YES;
				CLANG_WARN_INT_CONVERSION = YES;
				CLANG_WARN_NON_LITERAL_NULL_CONVERSION = YES;
				CLANG_WARN_OBJC_IMPLICIT_RETAIN_SELF = YES;
				CLANG_WARN_OBJC_LITERAL_CONVERSION = YES;
				CLANG_WARN_OBJC_ROOT_CLASS = YES_ERROR;
				CLANG_WARN_RANGE_LOOP_ANALYSIS = YES;
				CLANG_WARN_STRICT_PROTOTYPES = YES;
				CLANG_WARN_SUSPICIOUS_MOVE = YES;
				CLANG_WARN_UNGUARDED_AVAILABILITY = YES_AGGRESSIVE;
				CLANG_WARN_UNREACHABLE_CODE = YES;
				CLANG_WARN__DUPLICATE_METHOD_MATCH = YES;
				COPY_PHASE_STRIP = NO;
				DEBUG_INFORMATION_FORMAT = "dwarf-with-dsym";
				ENABLE_NS_ASSERTIONS = NO;
				ENABLE_STRICT_OBJC_MSGSEND = YES;
				GCC_C_LANGUAGE_STANDARD = gnu11;
				GCC_NO_COMMON_BLOCKS = YES;
				GCC_WARN_64_TO_32_BIT_CONVERSION = YES;
				GCC_WARN_ABOUT_RETURN_TYPE = YES_ERROR;
				GCC_WARN_UNDECLARED_SELECTOR = YES;
				GCC_WARN_UNINITIALIZED_AUTOS = YES_AGGRESSIVE;
				GCC_WARN_UNUSED_FUNCTION = YES;
				GCC_WARN_UNUSED_VARIABLE = YES;
				IPHONEOS_DEPLOYMENT_TARGET = 13.2;
				MTL_ENABLE_DEBUG_INFO = NO;
				MTL_FAST_MATH = YES;
				SDKROOT = iphoneos;
				SWIFT_COMPILATION_MODE = wholemodule;
				SWIFT_OPTIMIZATION_LEVEL = "-O";
				VALIDATE_PRODUCT = YES;
			};
			name = Release;
		};
		81670FAB23C8564E001155F7 /* Debug */ = {
			isa = XCBuildConfiguration;
			buildSettings = {
				ASSETCATALOG_COMPILER_APPICON_NAME = AppIcon;
				CODE_SIGN_STYLE = Automatic;
				DEVELOPMENT_TEAM = YW2PFU22PU;
				INFOPLIST_FILE = ColorPickerExample/Info.plist;
				IPHONEOS_DEPLOYMENT_TARGET = 10.0;
				LD_RUNPATH_SEARCH_PATHS = (
					"$(inherited)",
					"@executable_path/Frameworks",
				);
				PRODUCT_BUNDLE_IDENTIFIER = com.rutinfc.ColorPickerExample;
				PRODUCT_NAME = "$(TARGET_NAME)";
				SWIFT_VERSION = 5.0;
				TARGETED_DEVICE_FAMILY = "1,2";
			};
			name = Debug;
		};
		81670FAC23C8564E001155F7 /* Release */ = {
			isa = XCBuildConfiguration;
			buildSettings = {
				ASSETCATALOG_COMPILER_APPICON_NAME = AppIcon;
				CODE_SIGN_STYLE = Automatic;
				DEVELOPMENT_TEAM = YW2PFU22PU;
				INFOPLIST_FILE = ColorPickerExample/Info.plist;
				IPHONEOS_DEPLOYMENT_TARGET = 10.0;
				LD_RUNPATH_SEARCH_PATHS = (
					"$(inherited)",
					"@executable_path/Frameworks",
				);
				PRODUCT_BUNDLE_IDENTIFIER = com.rutinfc.ColorPickerExample;
				PRODUCT_NAME = "$(TARGET_NAME)";
				SWIFT_VERSION = 5.0;
				TARGETED_DEVICE_FAMILY = "1,2";
			};
			name = Release;
		};
/* End XCBuildConfiguration section */

/* Begin XCConfigurationList section */
		81670F9123C8564D001155F7 /* Build configuration list for PBXProject "ColorPickerExample" */ = {
			isa = XCConfigurationList;
			buildConfigurations = (
				81670FA823C8564E001155F7 /* Debug */,
				81670FA923C8564E001155F7 /* Release */,
			);
			defaultConfigurationIsVisible = 0;
			defaultConfigurationName = Release;
		};
		81670FAA23C8564E001155F7 /* Build configuration list for PBXNativeTarget "ColorPickerExample" */ = {
			isa = XCConfigurationList;
			buildConfigurations = (
				81670FAB23C8564E001155F7 /* Debug */,
				81670FAC23C8564E001155F7 /* Release */,
			);
			defaultConfigurationIsVisible = 0;
			defaultConfigurationName = Release;
		};
/* End XCConfigurationList section */
	};
	rootObject = 81670F8E23C8564D001155F7 /* Project object */;
}
